
Microsoft Visual Studio Solution File, Format Version 12.00
# Visual Studio Version 17
VisualStudioVersion = 17.9.34714.143
MinimumVisualStudioVersion = 10.0.40219.1
Project("{8BC9CEB8-8B4A-11D0-8D11-00A0C91BC942}") = "21-4_day5", "21-4_day5.vcxproj", "{407099F7-E964-481D-B4B9-CC15E56E0D89}"
EndProject
Global
	GlobalSection(SolutionConfigurationPlatforms) = preSolution
		Debug|x64 = Debug|x64
		Debug|x86 = Debug|x86
		Release|x64 = Release|x64
		Release|x86 = Release|x86
	EndGlobalSection
	GlobalSection(ProjectConfigurationPlatforms) = postSolution
		{407099F7-E964-481D-B4B9-CC15E56E0D89}.Debug|x64.ActiveCfg = Debug|x64
		{407099F7-E964-481D-B4B9-CC15E56E0D89}.Debug|x64.Build.0 = Debug|x64
		{407099F7-E964-481D-B4B9-CC15E56E0D89}.Debug|x86.ActiveCfg = Debug|Win32
		{407099F7-E964-481D-B4B9-CC15E56E0D89}.Debug|x86.Build.0 = Debug|Win32
		{407099F7-E964-481D-B4B9-CC15E56E0D89}.Release|x64.ActiveCfg = Release|x64
		{407099F7-E964-481D-B4B9-CC15E56E0D89}.Release|x64.Build.0 = Release|x64
		{407099F7-E964-481D-B4B9-CC15E56E0D89}.Release|x86.ActiveCfg = Release|Win32
		{407099F7-E964-481D-B4B9-CC15E56E0D89}.Release|x86.Build.0 = Release|Win32
	EndGlobalSection
	GlobalSection(SolutionProperties) = preSolution
		HideSolutionNode = FALSE
	EndGlobalSection
	GlobalSection(ExtensibilityGlobals) = postSolution
		SolutionGuid = {CE1FC320-07BC-4B81-90AE-153B8C801210}
	EndGlobalSection
EndGlobal
